
Microsoft Visual Studio Solution File, Format Version 12.00
# Visual Studio 15
VisualStudioVersion = 15.0.28307.1000
MinimumVisualStudioVersion = 10.0.40219.1
Project("{FAE04EC0-301F-11D3-BF4B-00C04F79EFBC}") = "ConsoleApp_Server", "ConsoleApp_Server\ConsoleApp_Server.csproj", "{551CC5A6-C836-4E5B-AC74-47101DFC3F7B}"
EndProject
Project("{FAE04EC0-301F-11D3-BF4B-00C04F79EFBC}") = "Console_Client", "Console_Client\Console_Client.csproj", "{3248167B-F604-4EE5-9ECF-1D83243FF953}"
EndProject
Project("{FAE04EC0-301F-11D3-BF4B-00C04F79EFBC}") = "WindowsForms_Server", "WindowsForms_Server\WindowsForms_Server.csproj", "{5BCEAE71-C07E-4E8D-B051-217734D7C458}"
EndProject
Project("{FAE04EC0-301F-11D3-BF4B-00C04F79EFBC}") = "WindowsForms_Client", "WindowsForms_Client\WindowsForms_Client.csproj", "{87061AC4-D340-4847-871C-71C08C9EA2D8}"
EndProject
Global
	GlobalSection(SolutionConfigurationPlatforms) = preSolution
		Debug|Any CPU = Debug|Any CPU
		Release|Any CPU = Release|Any CPU
	EndGlobalSection
	GlobalSection(ProjectConfigurationPlatforms) = postSolution
		{551CC5A6-C836-4E5B-AC74-47101DFC3F7B}.Debug|Any CPU.ActiveCfg = Debug|Any CPU
		{551CC5A6-C836-4E5B-AC74-47101DFC3F7B}.Debug|Any CPU.Build.0 = Debug|Any CPU
		{551CC5A6-C836-4E5B-AC74-47101DFC3F7B}.Release|Any CPU.ActiveCfg = Release|Any CPU
		{551CC5A6-C836-4E5B-AC74-47101DFC3F7B}.Release|Any CPU.Build.0 = Release|Any CPU
		{3248167B-F604-4EE5-9ECF-1D83243FF953}.Debug|Any CPU.ActiveCfg = Debug|Any CPU
		{3248167B-F604-4EE5-9ECF-1D83243FF953}.Debug|Any CPU.Build.0 = Debug|Any CPU
		{3248167B-F604-4EE5-9ECF-1D83243FF953}.Release|Any CPU.ActiveCfg = Release|Any CPU
		{3248167B-F604-4EE5-9ECF-1D83243FF953}.Release|Any CPU.Build.0 = Release|Any CPU
		{5BCEAE71-C07E-4E8D-B051-217734D7C458}.Debug|Any CPU.ActiveCfg = Debug|Any CPU
		{5BCEAE71-C07E-4E8D-B051-217734D7C458}.Debug|Any CPU.Build.0 = Debug|Any CPU
		{5BCEAE71-C07E-4E8D-B051-217734D7C458}.Release|Any CPU.ActiveCfg = Release|Any CPU
		{5BCEAE71-C07E-4E8D-B051-217734D7C458}.Release|Any CPU.Build.0 = Release|Any CPU
		{87061AC4-D340-4847-871C-71C08C9EA2D8}.Debug|Any CPU.ActiveCfg = Debug|Any CPU
		{87061AC4-D340-4847-871C-71C08C9EA2D8}.Debug|Any CPU.Build.0 = Debug|Any CPU
		{87061AC4-D340-4847-871C-71C08C9EA2D8}.Release|Any CPU.ActiveCfg = Release|Any CPU
		{87061AC4-D340-4847-871C-71C08C9EA2D8}.Release|Any CPU.Build.0 = Release|Any CPU
	EndGlobalSection
	GlobalSection(SolutionProperties) = preSolution
		HideSolutionNode = FALSE
	EndGlobalSection
	GlobalSection(ExtensibilityGlobals) = postSolution
		SolutionGuid = {DF652056-19C2-42A0-9642-C2D06CC65B91}
	EndGlobalSection
EndGlobal
